
Microsoft Visual Studio Solution File, Format Version 12.00
# Visual Studio 15
VisualStudioVersion = 15.0.28010.2036
MinimumVisualStudioVersion = 10.0.40219.1
Project("{FAE04EC0-301F-11D3-BF4B-00C04F79EFBC}") = "GameConsole", "GameConsole\GameConsole.csproj", "{F00630B7-5249-45A5-B57D-F196E89E58B1}"
EndProject
Global
	GlobalSection(SolutionConfigurationPlatforms) = preSolution
		Debug|Any CPU = Debug|Any CPU
		Release|Any CPU = Release|Any CPU
	EndGlobalSection
	GlobalSection(ProjectConfigurationPlatforms) = postSolution
		{F00630B7-5249-45A5-B57D-F196E89E58B1}.Debug|Any CPU.ActiveCfg = Debug|Any CPU
		{F00630B7-5249-45A5-B57D-F196E89E58B1}.Debug|Any CPU.Build.0 = Debug|Any CPU
		{F00630B7-5249-45A5-B57D-F196E89E58B1}.Release|Any CPU.ActiveCfg = Release|Any CPU
		{F00630B7-5249-45A5-B57D-F196E89E58B1}.Release|Any CPU.Build.0 = Release|Any CPU
	EndGlobalSection
	GlobalSection(SolutionProperties) = preSolution
		HideSolutionNode = FALSE
	EndGlobalSection
	GlobalSection(ExtensibilityGlobals) = postSolution
		SolutionGuid = {32E9C555-2305-440C-9622-EF48B586C689}
	EndGlobalSection
EndGlobal
